{
  "version": 4,
  "terraform_version": "1.3.7",
  "serial": 11,
  "lineage": "ab4fe3b5-e918-c6eb-bf9d-6cf66c08910f",
  "outputs": {
    "website_link": {
      "value": "https://money.murph9.com",
      "type": "string"
    }
  },
  "resources": [
    {
      "mode": "data",
      "type": "aws_region",
      "name": "current",
      "provider": "provider[\"registry.terraform.io/hashicorp/aws\"]",
      "instances": [
        {
          "schema_version": 0,
          "attributes": {
            "description": "Asia Pacific (Sydney)",
            "endpoint": "ec2.ap-southeast-2.amazonaws.com",
            "id": "ap-southeast-2",
            "name": "ap-southeast-2"
          },
          "sensitive_attributes": []
        }
      ]
    },
    {
      "module": "module.site",
      "mode": "data",
      "type": "aws_route53_zone",
      "name": "main",
      "provider": "provider[\"registry.terraform.io/hashicorp/aws\"]",
      "instances": [
        {
          "schema_version": 0,
          "attributes": {
            "arn": "arn:aws:route53:::hostedzone/Z086464121TZRCAZH88X3",
            "caller_reference": "0EFDCAEE-D34A-D983-90E1-F43C788DB6AE",
            "comment": "",
            "id": "Z086464121TZRCAZH88X3",
            "linked_service_description": null,
            "linked_service_principal": null,
            "name": "murph9.com",
            "name_servers": [
              "ns-1504.awsdns-60.org",
              "ns-212.awsdns-26.com",
              "ns-1021.awsdns-63.net",
              "ns-1674.awsdns-17.co.uk"
            ],
            "primary_name_server": "ns-1504.awsdns-60.org",
            "private_zone": false,
            "resource_record_set_count": 22,
            "tags": {},
            "vpc_id": null,
            "zone_id": "Z086464121TZRCAZH88X3"
          },
          "sensitive_attributes": []
        }
      ]
    },
    {
      "module": "module.site",
      "mode": "managed",
      "type": "aws_cloudfront_distribution",
      "name": "cdn",
      "provider": "provider[\"registry.terraform.io/hashicorp/aws\"]",
      "instances": [
        {
          "schema_version": 1,
          "attributes": {
            "aliases": [
              "money.murph9.com"
            ],
            "arn": "arn:aws:cloudfront::331595486750:distribution/EDWBAVRGQTLM7",
            "caller_reference": "terraform-20211110210029675200000001",
            "comment": null,
            "custom_error_response": [],
            "default_cache_behavior": [
              {
                "allowed_methods": [
                  "GET",
                  "HEAD",
                  "OPTIONS"
                ],
                "cache_policy_id": "",
                "cached_methods": [
                  "GET",
                  "HEAD"
                ],
                "compress": false,
                "default_ttl": 3600,
                "field_level_encryption_id": "",
                "forwarded_values": [
                  {
                    "cookies": [
                      {
                        "forward": "none",
                        "whitelisted_names": []
                      }
                    ],
                    "headers": [],
                    "query_string": true,
                    "query_string_cache_keys": []
                  }
                ],
                "function_association": [],
                "lambda_function_association": [],
                "max_ttl": 86400,
                "min_ttl": 0,
                "origin_request_policy_id": "",
                "realtime_log_config_arn": "",
                "response_headers_policy_id": "",
                "smooth_streaming": false,
                "target_origin_id": "S3-money.murph9.com",
                "trusted_key_groups": [],
                "trusted_signers": [],
                "viewer_protocol_policy": "redirect-to-https"
              }
            ],
            "default_root_object": "index.html",
            "domain_name": "d3cf16fe2luf52.cloudfront.net",
            "enabled": true,
            "etag": "E1B6K45F7Y72Z6",
            "hosted_zone_id": "Z2FDTNDATAQYW2",
            "http_version": "http2",
            "id": "EDWBAVRGQTLM7",
            "in_progress_validation_batches": 0,
            "is_ipv6_enabled": true,
            "last_modified_time": "2023-01-17 02:37:13.946 +0000 UTC",
            "logging_config": [],
            "ordered_cache_behavior": [],
            "origin": [
              {
                "connection_attempts": 3,
                "connection_timeout": 10,
                "custom_header": [],
                "custom_origin_config": [],
                "domain_name": "money.murph9.com.s3.ap-southeast-2.amazonaws.com",
                "origin_access_control_id": "E13WLKBAZBOEF5",
                "origin_id": "S3-money.murph9.com",
                "origin_path": "",
                "origin_shield": [],
                "s3_origin_config": []
              }
            ],
            "origin_group": [],
            "price_class": "PriceClass_All",
            "restrictions": [
              {
                "geo_restriction": [
                  {
                    "locations": [],
                    "restriction_type": "none"
                  }
                ]
              }
            ],
            "retain_on_delete": false,
            "status": "Deployed",
            "tags": {
              "terraform": "yes"
            },
            "tags_all": {
              "terraform": "yes"
            },
            "trusted_key_groups": [
              {
                "enabled": false,
                "items": []
              }
            ],
            "trusted_signers": [
              {
                "enabled": false,
                "items": []
              }
            ],
            "viewer_certificate": [
              {
                "acm_certificate_arn": "arn:aws:acm:us-east-1:331595486750:certificate/5caf0062-64fb-43be-90d2-4e73ed3f5ba9",
                "cloudfront_default_certificate": false,
                "iam_certificate_id": "",
                "minimum_protocol_version": "TLSv1.2_2018",
                "ssl_support_method": "sni-only"
              }
            ],
            "wait_for_deployment": true,
            "web_acl_id": ""
          },
          "sensitive_attributes": [],
          "private": "eyJzY2hlbWFfdmVyc2lvbiI6IjEifQ==",
          "dependencies": [
            "module.site.aws_cloudfront_origin_access_control.default",
            "module.site.aws_s3_bucket.web_bucket"
          ]
        }
      ]
    },
    {
      "module": "module.site",
      "mode": "managed",
      "type": "aws_cloudfront_origin_access_control",
      "name": "default",
      "provider": "provider[\"registry.terraform.io/hashicorp/aws\"]",
      "instances": [
        {
          "schema_version": 0,
          "attributes": {
            "description": "Access control for money.murph9.com assets",
            "etag": "ETVPDKIKX0DER",
            "id": "E13WLKBAZBOEF5",
            "name": "money.murph9.com-Access-Control",
            "origin_access_control_origin_type": "s3",
            "signing_behavior": "always",
            "signing_protocol": "sigv4"
          },
          "sensitive_attributes": [],
          "private": "bnVsbA=="
        }
      ]
    },
    {
      "module": "module.site",
      "mode": "managed",
      "type": "aws_route53_record",
      "name": "r53_A",
      "provider": "provider[\"registry.terraform.io/hashicorp/aws\"]",
      "instances": [
        {
          "schema_version": 2,
          "attributes": {
            "alias": [
              {
                "evaluate_target_health": false,
                "name": "d3cf16fe2luf52.cloudfront.net",
                "zone_id": "Z2FDTNDATAQYW2"
              }
            ],
            "allow_overwrite": null,
            "failover_routing_policy": [],
            "fqdn": "money.murph9.com",
            "geolocation_routing_policy": [],
            "health_check_id": "",
            "id": "Z086464121TZRCAZH88X3_money.murph9.com_A",
            "latency_routing_policy": [],
            "multivalue_answer_routing_policy": null,
            "name": "money.murph9.com",
            "records": [],
            "set_identifier": "",
            "ttl": 0,
            "type": "A",
            "weighted_routing_policy": [],
            "zone_id": "Z086464121TZRCAZH88X3"
          },
          "sensitive_attributes": [],
          "private": "eyJzY2hlbWFfdmVyc2lvbiI6IjIifQ==",
          "dependencies": [
            "module.site.aws_cloudfront_distribution.cdn",
            "module.site.aws_cloudfront_origin_access_control.default",
            "module.site.aws_s3_bucket.web_bucket",
            "module.site.data.aws_route53_zone.main"
          ]
        }
      ]
    },
    {
      "module": "module.site",
      "mode": "managed",
      "type": "aws_route53_record",
      "name": "r53_AAAA",
      "provider": "provider[\"registry.terraform.io/hashicorp/aws\"]",
      "instances": [
        {
          "schema_version": 2,
          "attributes": {
            "alias": [
              {
                "evaluate_target_health": false,
                "name": "d3cf16fe2luf52.cloudfront.net",
                "zone_id": "Z2FDTNDATAQYW2"
              }
            ],
            "allow_overwrite": null,
            "failover_routing_policy": [],
            "fqdn": "money.murph9.com",
            "geolocation_routing_policy": [],
            "health_check_id": "",
            "id": "Z086464121TZRCAZH88X3_money.murph9.com_AAAA",
            "latency_routing_policy": [],
            "multivalue_answer_routing_policy": null,
            "name": "money.murph9.com",
            "records": [],
            "set_identifier": "",
            "ttl": 0,
            "type": "AAAA",
            "weighted_routing_policy": [],
            "zone_id": "Z086464121TZRCAZH88X3"
          },
          "sensitive_attributes": [],
          "private": "eyJzY2hlbWFfdmVyc2lvbiI6IjIifQ==",
          "dependencies": [
            "module.site.aws_cloudfront_distribution.cdn",
            "module.site.aws_cloudfront_origin_access_control.default",
            "module.site.aws_s3_bucket.web_bucket",
            "module.site.data.aws_route53_zone.main"
          ]
        }
      ]
    },
    {
      "module": "module.site",
      "mode": "managed",
      "type": "aws_s3_bucket",
      "name": "web_bucket",
      "provider": "provider[\"registry.terraform.io/hashicorp/aws\"]",
      "instances": [
        {
          "schema_version": 0,
          "attributes": {
            "acceleration_status": "",
            "acl": "public-read",
            "arn": "arn:aws:s3:::money.murph9.com",
            "bucket": "money.murph9.com",
            "bucket_domain_name": "money.murph9.com.s3.amazonaws.com",
            "bucket_prefix": null,
            "bucket_regional_domain_name": "money.murph9.com.s3.ap-southeast-2.amazonaws.com",
            "cors_rule": [],
            "force_destroy": false,
            "grant": [
              {
                "id": "",
                "permissions": [
                  "READ"
                ],
                "type": "Group",
                "uri": "http://acs.amazonaws.com/groups/global/AllUsers"
              },
              {
                "id": "c4fecd0a45a1032811d2a8c3e550508d06e998b3e4ca58ad49967795cc1f1135",
                "permissions": [
                  "FULL_CONTROL"
                ],
                "type": "CanonicalUser",
                "uri": ""
              }
            ],
            "hosted_zone_id": "Z1WCIGYICN2BYD",
            "id": "money.murph9.com",
            "lifecycle_rule": [],
            "logging": [],
            "object_lock_configuration": [],
            "object_lock_enabled": false,
            "policy": "{\"Statement\":[{\"Action\":\"s3:GetObject\",\"Condition\":{\"StringEquals\":{\"AWS:SourceArn\":\"arn:aws:cloudfront::331595486750:distribution/EDWBAVRGQTLM7\"}},\"Effect\":\"Allow\",\"Principal\":{\"Service\":\"cloudfront.amazonaws.com\"},\"Resource\":\"arn:aws:s3:::money.murph9.com/*\"}],\"Version\":\"2012-10-17\"}",
            "region": "ap-southeast-2",
            "replication_configuration": [],
            "request_payer": "BucketOwner",
            "server_side_encryption_configuration": [],
            "tags": {},
            "tags_all": {},
            "timeouts": null,
            "versioning": [
              {
                "enabled": false,
                "mfa_delete": false
              }
            ],
            "website": [
              {
                "error_document": "",
                "index_document": "index.html",
                "redirect_all_requests_to": "",
                "routing_rules": ""
              }
            ],
            "website_domain": "s3-website-ap-southeast-2.amazonaws.com",
            "website_endpoint": "money.murph9.com.s3-website-ap-southeast-2.amazonaws.com"
          },
          "sensitive_attributes": [],
          "private": "bnVsbA=="
        }
      ]
    },
    {
      "module": "module.site",
      "mode": "managed",
      "type": "aws_s3_bucket_policy",
      "name": "default",
      "provider": "provider[\"registry.terraform.io/hashicorp/aws\"]",
      "instances": [
        {
          "schema_version": 0,
          "attributes": {
            "bucket": "money.murph9.com",
            "id": "money.murph9.com",
            "policy": "{\"Statement\":[{\"Action\":[\"s3:GetObject\"],\"Condition\":{\"StringEquals\":{\"AWS:SourceArn\":\"arn:aws:cloudfront::331595486750:distribution/EDWBAVRGQTLM7\"}},\"Effect\":\"Allow\",\"Principal\":{\"Service\":[\"cloudfront.amazonaws.com\"]},\"Resource\":[\"arn:aws:s3:::money.murph9.com/*\"]}],\"Version\":\"2012-10-17\"}"
          },
          "sensitive_attributes": [],
          "private": "bnVsbA==",
          "dependencies": [
            "module.site.aws_cloudfront_distribution.cdn",
            "module.site.aws_cloudfront_origin_access_control.default",
            "module.site.aws_s3_bucket.web_bucket"
          ]
        }
      ]
    },
    {
      "module": "module.site",
      "mode": "managed",
      "type": "aws_s3_bucket_public_access_block",
      "name": "default",
      "provider": "provider[\"registry.terraform.io/hashicorp/aws\"]",
      "instances": [
        {
          "schema_version": 0,
          "attributes": {
            "block_public_acls": true,
            "block_public_policy": true,
            "bucket": "money.murph9.com",
            "id": "money.murph9.com",
            "ignore_public_acls": true,
            "restrict_public_buckets": true
          },
          "sensitive_attributes": [],
          "private": "bnVsbA==",
          "dependencies": [
            "module.site.aws_s3_bucket.web_bucket"
          ]
        }
      ]
    }
  ],
  "check_results": null
}
